
Microsoft Visual Studio Solution File, Format Version 12.00
# Visual Studio 2012
Project("{FAE04EC0-301F-11D3-BF4B-00C04F79EFBC}") = "Gallery", "Gallery\Gallery.csproj", "{88F510E6-60BB-40D3-B847-837963128770}"
EndProject
Project("{FAE04EC0-301F-11D3-BF4B-00C04F79EFBC}") = "GalleryApp.Core", "GalleryApp.Core\GalleryApp.Core.csproj", "{E38CEE99-4A93-4D89-B900-F2E791C450E1}"
EndProject
Project("{FAE04EC0-301F-11D3-BF4B-00C04F79EFBC}") = "GalleryApp.Core.iOS", "GalleryApp.Core.iOS\GalleryApp.Core.iOS.csproj", "{68741C04-AB31-4D4A-B824-6AD709282363}"
EndProject
Project("{FAE04EC0-301F-11D3-BF4B-00C04F79EFBC}") = "GalleryApp-iOS", "GalleryApp-iOS\GalleryApp-iOS.csproj", "{BF6D5CBE-B689-49D1-9E63-79E55DF35405}"
EndProject
Project("{FAE04EC0-301F-11D3-BF4B-00C04F79EFBC}") = "GalleryApp.Core.Android", "GalleryApp.Core.Android\GalleryApp.Core.Android.csproj", "{95E22BA7-D2D0-452F-B1C4-03E1B549C41E}"
EndProject
Project("{FAE04EC0-301F-11D3-BF4B-00C04F79EFBC}") = "GalleryApp-Android", "GalleryApp-Android\GalleryApp-Android.csproj", "{458A080E-21DF-4E91-9BD6-BA2736BC6558}"
EndProject
Project("{FAE04EC0-301F-11D3-BF4B-00C04F79EFBC}") = "SmartImageView", "SmartImageView\SmartImageView.csproj", "{47E70137-19C4-43DE-88A0-713B42781D86}"
EndProject
Global
	GlobalSection(SolutionConfigurationPlatforms) = preSolution
		Ad-Hoc|Any CPU = Ad-Hoc|Any CPU
		Ad-Hoc|iPhone = Ad-Hoc|iPhone
		Ad-Hoc|iPhoneSimulator = Ad-Hoc|iPhoneSimulator
		Ad-Hoc|Mixed Platforms = Ad-Hoc|Mixed Platforms
		AppStore|Any CPU = AppStore|Any CPU
		AppStore|iPhone = AppStore|iPhone
		AppStore|iPhoneSimulator = AppStore|iPhoneSimulator
		AppStore|Mixed Platforms = AppStore|Mixed Platforms
		Debug|Any CPU = Debug|Any CPU
		Debug|iPhone = Debug|iPhone
		Debug|iPhoneSimulator = Debug|iPhoneSimulator
		Debug|Mixed Platforms = Debug|Mixed Platforms
		Release|Any CPU = Release|Any CPU
		Release|iPhone = Release|iPhone
		Release|iPhoneSimulator = Release|iPhoneSimulator
		Release|Mixed Platforms = Release|Mixed Platforms
	EndGlobalSection
	GlobalSection(ProjectConfigurationPlatforms) = postSolution
		{458A080E-21DF-4E91-9BD6-BA2736BC6558}.Ad-Hoc|Any CPU.ActiveCfg = Release|Any CPU
		{458A080E-21DF-4E91-9BD6-BA2736BC6558}.Ad-Hoc|Any CPU.Build.0 = Release|Any CPU
		{458A080E-21DF-4E91-9BD6-BA2736BC6558}.Ad-Hoc|iPhone.ActiveCfg = Release|Any CPU
		{458A080E-21DF-4E91-9BD6-BA2736BC6558}.Ad-Hoc|iPhone.Build.0 = Release|Any CPU
		{458A080E-21DF-4E91-9BD6-BA2736BC6558}.Ad-Hoc|iPhoneSimulator.ActiveCfg = Release|Any CPU
		{458A080E-21DF-4E91-9BD6-BA2736BC6558}.Ad-Hoc|iPhoneSimulator.Build.0 = Release|Any CPU
		{458A080E-21DF-4E91-9BD6-BA2736BC6558}.Ad-Hoc|Mixed Platforms.ActiveCfg = Release|Any CPU
		{458A080E-21DF-4E91-9BD6-BA2736BC6558}.Ad-Hoc|Mixed Platforms.Build.0 = Release|Any CPU
		{458A080E-21DF-4E91-9BD6-BA2736BC6558}.AppStore|Any CPU.ActiveCfg = Release|Any CPU
		{458A080E-21DF-4E91-9BD6-BA2736BC6558}.AppStore|Any CPU.Build.0 = Release|Any CPU
		{458A080E-21DF-4E91-9BD6-BA2736BC6558}.AppStore|iPhone.ActiveCfg = Release|Any CPU
		{458A080E-21DF-4E91-9BD6-BA2736BC6558}.AppStore|iPhone.Build.0 = Release|Any CPU
		{458A080E-21DF-4E91-9BD6-BA2736BC6558}.AppStore|iPhoneSimulator.ActiveCfg = Release|Any CPU
		{458A080E-21DF-4E91-9BD6-BA2736BC6558}.AppStore|iPhoneSimulator.Build.0 = Release|Any CPU
		{458A080E-21DF-4E91-9BD6-BA2736BC6558}.AppStore|Mixed Platforms.ActiveCfg = Release|Any CPU
		{458A080E-21DF-4E91-9BD6-BA2736BC6558}.AppStore|Mixed Platforms.Build.0 = Release|Any CPU
		{458A080E-21DF-4E91-9BD6-BA2736BC6558}.Debug|Any CPU.ActiveCfg = Debug|Any CPU
		{458A080E-21DF-4E91-9BD6-BA2736BC6558}.Debug|Any CPU.Build.0 = Debug|Any CPU
		{458A080E-21DF-4E91-9BD6-BA2736BC6558}.Debug|iPhone.ActiveCfg = Debug|Any CPU
		{458A080E-21DF-4E91-9BD6-BA2736BC6558}.Debug|iPhone.Build.0 = Debug|Any CPU
		{458A080E-21DF-4E91-9BD6-BA2736BC6558}.Debug|iPhoneSimulator.ActiveCfg = Debug|Any CPU
		{458A080E-21DF-4E91-9BD6-BA2736BC6558}.Debug|iPhoneSimulator.Build.0 = Debug|Any CPU
		{458A080E-21DF-4E91-9BD6-BA2736BC6558}.Debug|Mixed Platforms.ActiveCfg = Debug|Any CPU
		{458A080E-21DF-4E91-9BD6-BA2736BC6558}.Debug|Mixed Platforms.Build.0 = Debug|Any CPU
		{458A080E-21DF-4E91-9BD6-BA2736BC6558}.Release|Any CPU.ActiveCfg = Release|Any CPU
		{458A080E-21DF-4E91-9BD6-BA2736BC6558}.Release|Any CPU.Build.0 = Release|Any CPU
		{458A080E-21DF-4E91-9BD6-BA2736BC6558}.Release|iPhone.ActiveCfg = Release|Any CPU
		{458A080E-21DF-4E91-9BD6-BA2736BC6558}.Release|iPhone.Build.0 = Release|Any CPU
		{458A080E-21DF-4E91-9BD6-BA2736BC6558}.Release|iPhoneSimulator.ActiveCfg = Release|Any CPU
		{458A080E-21DF-4E91-9BD6-BA2736BC6558}.Release|iPhoneSimulator.Build.0 = Release|Any CPU
		{458A080E-21DF-4E91-9BD6-BA2736BC6558}.Release|Mixed Platforms.ActiveCfg = Release|Any CPU
		{458A080E-21DF-4E91-9BD6-BA2736BC6558}.Release|Mixed Platforms.Build.0 = Release|Any CPU
		{47E70137-19C4-43DE-88A0-713B42781D86}.Ad-Hoc|Any CPU.ActiveCfg = Release|Any CPU
		{47E70137-19C4-43DE-88A0-713B42781D86}.Ad-Hoc|Any CPU.Build.0 = Release|Any CPU
		{47E70137-19C4-43DE-88A0-713B42781D86}.Ad-Hoc|iPhone.ActiveCfg = Release|Any CPU
		{47E70137-19C4-43DE-88A0-713B42781D86}.Ad-Hoc|iPhone.Build.0 = Release|Any CPU
		{47E70137-19C4-43DE-88A0-713B42781D86}.Ad-Hoc|iPhoneSimulator.ActiveCfg = Release|Any CPU
		{47E70137-19C4-43DE-88A0-713B42781D86}.Ad-Hoc|iPhoneSimulator.Build.0 = Release|Any CPU
		{47E70137-19C4-43DE-88A0-713B42781D86}.Ad-Hoc|Mixed Platforms.ActiveCfg = Release|Any CPU
		{47E70137-19C4-43DE-88A0-713B42781D86}.Ad-Hoc|Mixed Platforms.Build.0 = Release|Any CPU
		{47E70137-19C4-43DE-88A0-713B42781D86}.AppStore|Any CPU.ActiveCfg = Release|Any CPU
		{47E70137-19C4-43DE-88A0-713B42781D86}.AppStore|Any CPU.Build.0 = Release|Any CPU
		{47E70137-19C4-43DE-88A0-713B42781D86}.AppStore|iPhone.ActiveCfg = Release|Any CPU
		{47E70137-19C4-43DE-88A0-713B42781D86}.AppStore|iPhone.Build.0 = Release|Any CPU
		{47E70137-19C4-43DE-88A0-713B42781D86}.AppStore|iPhoneSimulator.ActiveCfg = Release|Any CPU
		{47E70137-19C4-43DE-88A0-713B42781D86}.AppStore|iPhoneSimulator.Build.0 = Release|Any CPU
		{47E70137-19C4-43DE-88A0-713B42781D86}.AppStore|Mixed Platforms.ActiveCfg = Release|Any CPU
		{47E70137-19C4-43DE-88A0-713B42781D86}.AppStore|Mixed Platforms.Build.0 = Release|Any CPU
		{47E70137-19C4-43DE-88A0-713B42781D86}.Debug|Any CPU.ActiveCfg = Debug|Any CPU
		{47E70137-19C4-43DE-88A0-713B42781D86}.Debug|Any CPU.Build.0 = Debug|Any CPU
		{47E70137-19C4-43DE-88A0-713B42781D86}.Debug|iPhone.ActiveCfg = Debug|Any CPU
		{47E70137-19C4-43DE-88A0-713B42781D86}.Debug|iPhone.Build.0 = Debug|Any CPU
		{47E70137-19C4-43DE-88A0-713B42781D86}.Debug|iPhoneSimulator.ActiveCfg = Debug|Any CPU
		{47E70137-19C4-43DE-88A0-713B42781D86}.Debug|iPhoneSimulator.Build.0 = Debug|Any CPU
		{47E70137-19C4-43DE-88A0-713B42781D86}.Debug|Mixed Platforms.ActiveCfg = Debug|Any CPU
		{47E70137-19C4-43DE-88A0-713B42781D86}.Debug|Mixed Platforms.Build.0 = Debug|Any CPU
		{47E70137-19C4-43DE-88A0-713B42781D86}.Release|Any CPU.ActiveCfg = Release|Any CPU
		{47E70137-19C4-43DE-88A0-713B42781D86}.Release|Any CPU.Build.0 = Release|Any CPU
		{47E70137-19C4-43DE-88A0-713B42781D86}.Release|iPhone.ActiveCfg = Release|Any CPU
		{47E70137-19C4-43DE-88A0-713B42781D86}.Release|iPhone.Build.0 = Release|Any CPU
		{47E70137-19C4-43DE-88A0-713B42781D86}.Release|iPhoneSimulator.ActiveCfg = Release|Any CPU
		{47E70137-19C4-43DE-88A0-713B42781D86}.Release|iPhoneSimulator.Build.0 = Release|Any CPU
		{47E70137-19C4-43DE-88A0-713B42781D86}.Release|Mixed Platforms.ActiveCfg = Release|Any CPU
		{47E70137-19C4-43DE-88A0-713B42781D86}.Release|Mixed Platforms.Build.0 = Release|Any CPU
		{68741C04-AB31-4D4A-B824-6AD709282363}.Ad-Hoc|Any CPU.ActiveCfg = Release|Any CPU
		{68741C04-AB31-4D4A-B824-6AD709282363}.Ad-Hoc|Any CPU.Build.0 = Release|Any CPU
		{68741C04-AB31-4D4A-B824-6AD709282363}.Ad-Hoc|iPhone.ActiveCfg = Release|Any CPU
		{68741C04-AB31-4D4A-B824-6AD709282363}.Ad-Hoc|iPhone.Build.0 = Release|Any CPU
		{68741C04-AB31-4D4A-B824-6AD709282363}.Ad-Hoc|iPhoneSimulator.ActiveCfg = Release|Any CPU
		{68741C04-AB31-4D4A-B824-6AD709282363}.Ad-Hoc|iPhoneSimulator.Build.0 = Release|Any CPU
		{68741C04-AB31-4D4A-B824-6AD709282363}.Ad-Hoc|Mixed Platforms.ActiveCfg = Release|Any CPU
		{68741C04-AB31-4D4A-B824-6AD709282363}.Ad-Hoc|Mixed Platforms.Build.0 = Release|Any CPU
		{68741C04-AB31-4D4A-B824-6AD709282363}.AppStore|Any CPU.ActiveCfg = Release|Any CPU
		{68741C04-AB31-4D4A-B824-6AD709282363}.AppStore|Any CPU.Build.0 = Release|Any CPU
		{68741C04-AB31-4D4A-B824-6AD709282363}.AppStore|iPhone.ActiveCfg = Release|Any CPU
		{68741C04-AB31-4D4A-B824-6AD709282363}.AppStore|iPhone.Build.0 = Release|Any CPU
		{68741C04-AB31-4D4A-B824-6AD709282363}.AppStore|iPhoneSimulator.ActiveCfg = Release|Any CPU
		{68741C04-AB31-4D4A-B824-6AD709282363}.AppStore|iPhoneSimulator.Build.0 = Release|Any CPU
		{68741C04-AB31-4D4A-B824-6AD709282363}.AppStore|Mixed Platforms.ActiveCfg = Release|Any CPU
		{68741C04-AB31-4D4A-B824-6AD709282363}.AppStore|Mixed Platforms.Build.0 = Release|Any CPU
		{68741C04-AB31-4D4A-B824-6AD709282363}.Debug|Any CPU.ActiveCfg = Debug|Any CPU
		{68741C04-AB31-4D4A-B824-6AD709282363}.Debug|Any CPU.Build.0 = Debug|Any CPU
		{68741C04-AB31-4D4A-B824-6AD709282363}.Debug|iPhone.ActiveCfg = Debug|Any CPU
		{68741C04-AB31-4D4A-B824-6AD709282363}.Debug|iPhone.Build.0 = Debug|Any CPU
		{68741C04-AB31-4D4A-B824-6AD709282363}.Debug|iPhoneSimulator.ActiveCfg = Debug|Any CPU
		{68741C04-AB31-4D4A-B824-6AD709282363}.Debug|iPhoneSimulator.Build.0 = Debug|Any CPU
		{68741C04-AB31-4D4A-B824-6AD709282363}.Debug|Mixed Platforms.ActiveCfg = Debug|Any CPU
		{68741C04-AB31-4D4A-B824-6AD709282363}.Debug|Mixed Platforms.Build.0 = Debug|Any CPU
		{68741C04-AB31-4D4A-B824-6AD709282363}.Release|Any CPU.ActiveCfg = Release|Any CPU
		{68741C04-AB31-4D4A-B824-6AD709282363}.Release|Any CPU.Build.0 = Release|Any CPU
		{68741C04-AB31-4D4A-B824-6AD709282363}.Release|iPhone.ActiveCfg = Release|Any CPU
		{68741C04-AB31-4D4A-B824-6AD709282363}.Release|iPhone.Build.0 = Release|Any CPU
		{68741C04-AB31-4D4A-B824-6AD709282363}.Release|iPhoneSimulator.ActiveCfg = Release|Any CPU
		{68741C04-AB31-4D4A-B824-6AD709282363}.Release|iPhoneSimulator.Build.0 = Release|Any CPU
		{68741C04-AB31-4D4A-B824-6AD709282363}.Release|Mixed Platforms.ActiveCfg = Release|Any CPU
		{68741C04-AB31-4D4A-B824-6AD709282363}.Release|Mixed Platforms.Build.0 = Release|Any CPU
		{88F510E6-60BB-40D3-B847-837963128770}.Ad-Hoc|Any CPU.ActiveCfg = Release|Any CPU
		{88F510E6-60BB-40D3-B847-837963128770}.Ad-Hoc|Any CPU.Build.0 = Release|Any CPU
		{88F510E6-60BB-40D3-B847-837963128770}.Ad-Hoc|iPhone.ActiveCfg = Release|Any CPU
		{88F510E6-60BB-40D3-B847-837963128770}.Ad-Hoc|iPhoneSimulator.ActiveCfg = Release|Any CPU
		{88F510E6-60BB-40D3-B847-837963128770}.Ad-Hoc|Mixed Platforms.ActiveCfg = Release|Any CPU
		{88F510E6-60BB-40D3-B847-837963128770}.Ad-Hoc|Mixed Platforms.Build.0 = Release|Any CPU
		{88F510E6-60BB-40D3-B847-837963128770}.AppStore|Any CPU.ActiveCfg = Release|Any CPU
		{88F510E6-60BB-40D3-B847-837963128770}.AppStore|Any CPU.Build.0 = Release|Any CPU
		{88F510E6-60BB-40D3-B847-837963128770}.AppStore|iPhone.ActiveCfg = Release|Any CPU
		{88F510E6-60BB-40D3-B847-837963128770}.AppStore|iPhoneSimulator.ActiveCfg = Release|Any CPU
		{88F510E6-60BB-40D3-B847-837963128770}.AppStore|Mixed Platforms.ActiveCfg = Release|Any CPU
		{88F510E6-60BB-40D3-B847-837963128770}.AppStore|Mixed Platforms.Build.0 = Release|Any CPU
		{88F510E6-60BB-40D3-B847-837963128770}.Debug|Any CPU.ActiveCfg = Debug|Any CPU
		{88F510E6-60BB-40D3-B847-837963128770}.Debug|Any CPU.Build.0 = Debug|Any CPU
		{88F510E6-60BB-40D3-B847-837963128770}.Debug|iPhone.ActiveCfg = Debug|Any CPU
		{88F510E6-60BB-40D3-B847-837963128770}.Debug|iPhoneSimulator.ActiveCfg = Debug|Any CPU
		{88F510E6-60BB-40D3-B847-837963128770}.Debug|Mixed Platforms.ActiveCfg = Debug|Any CPU
		{88F510E6-60BB-40D3-B847-837963128770}.Debug|Mixed Platforms.Build.0 = Debug|Any CPU
		{88F510E6-60BB-40D3-B847-837963128770}.Release|Any CPU.ActiveCfg = Release|Any CPU
		{88F510E6-60BB-40D3-B847-837963128770}.Release|Any CPU.Build.0 = Release|Any CPU
		{88F510E6-60BB-40D3-B847-837963128770}.Release|iPhone.ActiveCfg = Release|Any CPU
		{88F510E6-60BB-40D3-B847-837963128770}.Release|iPhoneSimulator.ActiveCfg = Release|Any CPU
		{88F510E6-60BB-40D3-B847-837963128770}.Release|Mixed Platforms.ActiveCfg = Release|Any CPU
		{88F510E6-60BB-40D3-B847-837963128770}.Release|Mixed Platforms.Build.0 = Release|Any CPU
		{95E22BA7-D2D0-452F-B1C4-03E1B549C41E}.Ad-Hoc|Any CPU.ActiveCfg = Release|Any CPU
		{95E22BA7-D2D0-452F-B1C4-03E1B549C41E}.Ad-Hoc|Any CPU.Build.0 = Release|Any CPU
		{95E22BA7-D2D0-452F-B1C4-03E1B549C41E}.Ad-Hoc|iPhone.ActiveCfg = Release|Any CPU
		{95E22BA7-D2D0-452F-B1C4-03E1B549C41E}.Ad-Hoc|iPhone.Build.0 = Release|Any CPU
		{95E22BA7-D2D0-452F-B1C4-03E1B549C41E}.Ad-Hoc|iPhoneSimulator.ActiveCfg = Release|Any CPU
		{95E22BA7-D2D0-452F-B1C4-03E1B549C41E}.Ad-Hoc|iPhoneSimulator.Build.0 = Release|Any CPU
		{95E22BA7-D2D0-452F-B1C4-03E1B549C41E}.Ad-Hoc|Mixed Platforms.ActiveCfg = Release|Any CPU
		{95E22BA7-D2D0-452F-B1C4-03E1B549C41E}.Ad-Hoc|Mixed Platforms.Build.0 = Release|Any CPU
		{95E22BA7-D2D0-452F-B1C4-03E1B549C41E}.AppStore|Any CPU.ActiveCfg = Release|Any CPU
		{95E22BA7-D2D0-452F-B1C4-03E1B549C41E}.AppStore|Any CPU.Build.0 = Release|Any CPU
		{95E22BA7-D2D0-452F-B1C4-03E1B549C41E}.AppStore|iPhone.ActiveCfg = Release|Any CPU
		{95E22BA7-D2D0-452F-B1C4-03E1B549C41E}.AppStore|iPhone.Build.0 = Release|Any CPU
		{95E22BA7-D2D0-452F-B1C4-03E1B549C41E}.AppStore|iPhoneSimulator.ActiveCfg = Release|Any CPU
		{95E22BA7-D2D0-452F-B1C4-03E1B549C41E}.AppStore|iPhoneSimulator.Build.0 = Release|Any CPU
		{95E22BA7-D2D0-452F-B1C4-03E1B549C41E}.AppStore|Mixed Platforms.ActiveCfg = Release|Any CPU
		{95E22BA7-D2D0-452F-B1C4-03E1B549C41E}.AppStore|Mixed Platforms.Build.0 = Release|Any CPU
		{95E22BA7-D2D0-452F-B1C4-03E1B549C41E}.Debug|Any CPU.ActiveCfg = Debug|Any CPU
		{95E22BA7-D2D0-452F-B1C4-03E1B549C41E}.Debug|Any CPU.Build.0 = Debug|Any CPU
		{95E22BA7-D2D0-452F-B1C4-03E1B549C41E}.Debug|iPhone.ActiveCfg = Debug|Any CPU
		{95E22BA7-D2D0-452F-B1C4-03E1B549C41E}.Debug|iPhone.Build.0 = Debug|Any CPU
		{95E22BA7-D2D0-452F-B1C4-03E1B549C41E}.Debug|iPhoneSimulator.ActiveCfg = Debug|Any CPU
		{95E22BA7-D2D0-452F-B1C4-03E1B549C41E}.Debug|iPhoneSimulator.Build.0 = Debug|Any CPU
		{95E22BA7-D2D0-452F-B1C4-03E1B549C41E}.Debug|Mixed Platforms.ActiveCfg = Debug|Any CPU
		{95E22BA7-D2D0-452F-B1C4-03E1B549C41E}.Debug|Mixed Platforms.Build.0 = Debug|Any CPU
		{95E22BA7-D2D0-452F-B1C4-03E1B549C41E}.Release|Any CPU.ActiveCfg = Release|Any CPU
		{95E22BA7-D2D0-452F-B1C4-03E1B549C41E}.Release|Any CPU.Build.0 = Release|Any CPU
		{95E22BA7-D2D0-452F-B1C4-03E1B549C41E}.Release|iPhone.ActiveCfg = Release|Any CPU
		{95E22BA7-D2D0-452F-B1C4-03E1B549C41E}.Release|iPhone.Build.0 = Release|Any CPU
		{95E22BA7-D2D0-452F-B1C4-03E1B549C41E}.Release|iPhoneSimulator.ActiveCfg = Release|Any CPU
		{95E22BA7-D2D0-452F-B1C4-03E1B549C41E}.Release|iPhoneSimulator.Build.0 = Release|Any CPU
		{95E22BA7-D2D0-452F-B1C4-03E1B549C41E}.Release|Mixed Platforms.ActiveCfg = Release|Any CPU
		{95E22BA7-D2D0-452F-B1C4-03E1B549C41E}.Release|Mixed Platforms.Build.0 = Release|Any CPU
		{BF6D5CBE-B689-49D1-9E63-79E55DF35405}.Ad-Hoc|Any CPU.ActiveCfg = Ad-Hoc|iPhone
		{BF6D5CBE-B689-49D1-9E63-79E55DF35405}.Ad-Hoc|Any CPU.Build.0 = Ad-Hoc|iPhone
		{BF6D5CBE-B689-49D1-9E63-79E55DF35405}.Ad-Hoc|iPhone.ActiveCfg = Ad-Hoc|iPhone
		{BF6D5CBE-B689-49D1-9E63-79E55DF35405}.Ad-Hoc|iPhone.Build.0 = Ad-Hoc|iPhone
		{BF6D5CBE-B689-49D1-9E63-79E55DF35405}.Ad-Hoc|iPhoneSimulator.ActiveCfg = Debug|iPhoneSimulator
		{BF6D5CBE-B689-49D1-9E63-79E55DF35405}.Ad-Hoc|iPhoneSimulator.Build.0 = Debug|iPhoneSimulator
		{BF6D5CBE-B689-49D1-9E63-79E55DF35405}.Ad-Hoc|Mixed Platforms.ActiveCfg = Ad-Hoc|iPhone
		{BF6D5CBE-B689-49D1-9E63-79E55DF35405}.Ad-Hoc|Mixed Platforms.Build.0 = Ad-Hoc|iPhone
		{BF6D5CBE-B689-49D1-9E63-79E55DF35405}.AppStore|Any CPU.ActiveCfg = AppStore|iPhone
		{BF6D5CBE-B689-49D1-9E63-79E55DF35405}.AppStore|Any CPU.Build.0 = AppStore|iPhone
		{BF6D5CBE-B689-49D1-9E63-79E55DF35405}.AppStore|iPhone.ActiveCfg = AppStore|iPhone
		{BF6D5CBE-B689-49D1-9E63-79E55DF35405}.AppStore|iPhone.Build.0 = AppStore|iPhone
		{BF6D5CBE-B689-49D1-9E63-79E55DF35405}.AppStore|iPhoneSimulator.ActiveCfg = Debug|iPhoneSimulator
		{BF6D5CBE-B689-49D1-9E63-79E55DF35405}.AppStore|iPhoneSimulator.Build.0 = Debug|iPhoneSimulator
		{BF6D5CBE-B689-49D1-9E63-79E55DF35405}.AppStore|Mixed Platforms.ActiveCfg = AppStore|iPhone
		{BF6D5CBE-B689-49D1-9E63-79E55DF35405}.AppStore|Mixed Platforms.Build.0 = AppStore|iPhone
		{BF6D5CBE-B689-49D1-9E63-79E55DF35405}.Debug|Any CPU.ActiveCfg = Debug|iPhoneSimulator
		{BF6D5CBE-B689-49D1-9E63-79E55DF35405}.Debug|Any CPU.Build.0 = Debug|iPhoneSimulator
		{BF6D5CBE-B689-49D1-9E63-79E55DF35405}.Debug|iPhone.ActiveCfg = Debug|iPhone
		{BF6D5CBE-B689-49D1-9E63-79E55DF35405}.Debug|iPhone.Build.0 = Debug|iPhone
		{BF6D5CBE-B689-49D1-9E63-79E55DF35405}.Debug|iPhoneSimulator.ActiveCfg = Debug|iPhoneSimulator
		{BF6D5CBE-B689-49D1-9E63-79E55DF35405}.Debug|iPhoneSimulator.Build.0 = Debug|iPhoneSimulator
		{BF6D5CBE-B689-49D1-9E63-79E55DF35405}.Debug|Mixed Platforms.ActiveCfg = Debug|iPhoneSimulator
		{BF6D5CBE-B689-49D1-9E63-79E55DF35405}.Debug|Mixed Platforms.Build.0 = Debug|iPhoneSimulator
		{BF6D5CBE-B689-49D1-9E63-79E55DF35405}.Release|Any CPU.ActiveCfg = Release|iPhoneSimulator
		{BF6D5CBE-B689-49D1-9E63-79E55DF35405}.Release|Any CPU.Build.0 = Release|iPhoneSimulator
		{BF6D5CBE-B689-49D1-9E63-79E55DF35405}.Release|iPhone.ActiveCfg = Release|iPhone
		{BF6D5CBE-B689-49D1-9E63-79E55DF35405}.Release|iPhone.Build.0 = Release|iPhone
		{BF6D5CBE-B689-49D1-9E63-79E55DF35405}.Release|iPhoneSimulator.ActiveCfg = Release|iPhoneSimulator
		{BF6D5CBE-B689-49D1-9E63-79E55DF35405}.Release|iPhoneSimulator.Build.0 = Release|iPhoneSimulator
		{BF6D5CBE-B689-49D1-9E63-79E55DF35405}.Release|Mixed Platforms.ActiveCfg = Release|iPhoneSimulator
		{BF6D5CBE-B689-49D1-9E63-79E55DF35405}.Release|Mixed Platforms.Build.0 = Release|iPhoneSimulator
		{E38CEE99-4A93-4D89-B900-F2E791C450E1}.Ad-Hoc|Any CPU.ActiveCfg = Release|Any CPU
		{E38CEE99-4A93-4D89-B900-F2E791C450E1}.Ad-Hoc|Any CPU.Build.0 = Release|Any CPU
		{E38CEE99-4A93-4D89-B900-F2E791C450E1}.Ad-Hoc|iPhone.ActiveCfg = Release|Any CPU
		{E38CEE99-4A93-4D89-B900-F2E791C450E1}.Ad-Hoc|iPhone.Build.0 = Release|Any CPU
		{E38CEE99-4A93-4D89-B900-F2E791C450E1}.Ad-Hoc|iPhoneSimulator.ActiveCfg = Release|Any CPU
		{E38CEE99-4A93-4D89-B900-F2E791C450E1}.Ad-Hoc|iPhoneSimulator.Build.0 = Release|Any CPU
		{E38CEE99-4A93-4D89-B900-F2E791C450E1}.Ad-Hoc|Mixed Platforms.ActiveCfg = Release|Any CPU
		{E38CEE99-4A93-4D89-B900-F2E791C450E1}.Ad-Hoc|Mixed Platforms.Build.0 = Release|Any CPU
		{E38CEE99-4A93-4D89-B900-F2E791C450E1}.AppStore|Any CPU.ActiveCfg = Release|Any CPU
		{E38CEE99-4A93-4D89-B900-F2E791C450E1}.AppStore|Any CPU.Build.0 = Release|Any CPU
		{E38CEE99-4A93-4D89-B900-F2E791C450E1}.AppStore|iPhone.ActiveCfg = Release|Any CPU
		{E38CEE99-4A93-4D89-B900-F2E791C450E1}.AppStore|iPhone.Build.0 = Release|Any CPU
		{E38CEE99-4A93-4D89-B900-F2E791C450E1}.AppStore|iPhoneSimulator.ActiveCfg = Release|Any CPU
		{E38CEE99-4A93-4D89-B900-F2E791C450E1}.AppStore|iPhoneSimulator.Build.0 = Release|Any CPU
		{E38CEE99-4A93-4D89-B900-F2E791C450E1}.AppStore|Mixed Platforms.ActiveCfg = Release|Any CPU
		{E38CEE99-4A93-4D89-B900-F2E791C450E1}.AppStore|Mixed Platforms.Build.0 = Release|Any CPU
		{E38CEE99-4A93-4D89-B900-F2E791C450E1}.Debug|Any CPU.ActiveCfg = Debug|Any CPU
		{E38CEE99-4A93-4D89-B900-F2E791C450E1}.Debug|Any CPU.Build.0 = Debug|Any CPU
		{E38CEE99-4A93-4D89-B900-F2E791C450E1}.Debug|iPhone.ActiveCfg = Debug|Any CPU
		{E38CEE99-4A93-4D89-B900-F2E791C450E1}.Debug|iPhone.Build.0 = Debug|Any CPU
		{E38CEE99-4A93-4D89-B900-F2E791C450E1}.Debug|iPhoneSimulator.ActiveCfg = Debug|Any CPU
		{E38CEE99-4A93-4D89-B900-F2E791C450E1}.Debug|iPhoneSimulator.Build.0 = Debug|Any CPU
		{E38CEE99-4A93-4D89-B900-F2E791C450E1}.Debug|Mixed Platforms.ActiveCfg = Debug|Any CPU
		{E38CEE99-4A93-4D89-B900-F2E791C450E1}.Debug|Mixed Platforms.Build.0 = Debug|Any CPU
		{E38CEE99-4A93-4D89-B900-F2E791C450E1}.Release|Any CPU.ActiveCfg = Release|Any CPU
		{E38CEE99-4A93-4D89-B900-F2E791C450E1}.Release|Any CPU.Build.0 = Release|Any CPU
		{E38CEE99-4A93-4D89-B900-F2E791C450E1}.Release|iPhone.ActiveCfg = Release|Any CPU
		{E38CEE99-4A93-4D89-B900-F2E791C450E1}.Release|iPhone.Build.0 = Release|Any CPU
		{E38CEE99-4A93-4D89-B900-F2E791C450E1}.Release|iPhoneSimulator.ActiveCfg = Release|Any CPU
		{E38CEE99-4A93-4D89-B900-F2E791C450E1}.Release|iPhoneSimulator.Build.0 = Release|Any CPU
		{E38CEE99-4A93-4D89-B900-F2E791C450E1}.Release|Mixed Platforms.ActiveCfg = Release|Any CPU
		{E38CEE99-4A93-4D89-B900-F2E791C450E1}.Release|Mixed Platforms.Build.0 = Release|Any CPU
	EndGlobalSection
	GlobalSection(MonoDevelopProperties) = preSolution
		StartupItem = Gallery\Gallery.csproj
	EndGlobalSection
	GlobalSection(SolutionProperties) = preSolution
		HideSolutionNode = FALSE
	EndGlobalSection
EndGlobal
